<Solution>
  <Folder Name="/samples/">
    <Project Path="samples/SampleApp/SampleApp.csproj" />
  </Folder>
  <Folder Name="/src/">
    <Project Path="src/OpenApiWeaver/OpenApiWeaver.csproj" />
  </Folder>
  <Folder Name="/tests/">
    <Project Path="tests/OpenApiWeaver.Tests/OpenApiWeaver.Tests.csproj" />
  </Folder>
</Solution>
